schema: '2.0'
stages:
  data_ingestion:
    cmd: python src/data_ingestion.py
    deps:
    - path: src/data_ingestion.py
      hash: md5
      md5: 71ba20c0bbae3907b465aa5086e2f857
      size: 3612
    params:
      params.yaml:
        data_ingestion.test_size: 25
    outs:
    - path: data/raw_data
      hash: md5
      md5: e1b9261f403109dbc62c7bd665d1c6b1.dir
      size: 484846
      nfiles: 2
  data_preprocessing:
    cmd: python src/data_preprocessing.py
    deps:
    - path: data/raw_data
      hash: md5
      md5: e1b9261f403109dbc62c7bd665d1c6b1.dir
      size: 484846
      nfiles: 2
    - path: src/data_preprocessing.py
      hash: md5
      md5: 3a0bb56123da998d1798ab7960f061a1
      size: 3508
    outs:
    - path: data/interim
      hash: md5
      md5: 3ba7adaefb2f2774e41e90a43869121e.dir
      size: 254382
      nfiles: 2
  feature_engineering:
    cmd: python src/feature_engineering.py
    deps:
    - path: data/interim
      hash: md5
      md5: 3ba7adaefb2f2774e41e90a43869121e.dir
      size: 254382
      nfiles: 2
    - path: src/feature_engineering.py
      hash: md5
      md5: 3fd1c27e51f9d8fd2bd00624d978007d
      size: 3942
    params:
      params.yaml:
        feature_engineering.max_features: 40
    outs:
    - path: data/processed
      hash: md5
      md5: e3d1669f10d02cb264737775547e9d29.dir
      size: 254391
      nfiles: 2
  model_building:
    cmd: python src/model_building.py
    deps:
    - path: data/processed
      hash: md5
      md5: e3d1669f10d02cb264737775547e9d29.dir
      size: 254391
      nfiles: 2
    - path: src/model_building.py
      hash: md5
      md5: 7eeb6b2f55413e423f6b60189f231f6c
      size: 3930
    params:
      params.yaml:
        model_building.n_estimators: 30
        model_building.random_state: 33
    outs:
    - path: models/model.pkl
      hash: md5
      md5: 42c4aa82710fd022f964a0f853cef90c
      size: 5131135
  model_evaluation:
    cmd: python src/model_evaluation.py
    deps:
    - path: models/model.pkl
      hash: md5
      md5: 42c4aa82710fd022f964a0f853cef90c
      size: 5131135
    - path: src/model_evaluation.py
      hash: md5
      md5: c7d0ec1a091e0bef4908e632b1a2f39b
      size: 4595
    outs:
    - path: reports/metrics.json
      hash: md5
      md5: 711bcbbcb18afd5b80b2a972c05abc98
      size: 68
